
Microsoft Visual Studio Solution File, Format Version 12.00
# Visual Studio 15
VisualStudioVersion = 15.0.27004.2005
MinimumVisualStudioVersion = 10.0.40219.1
Project("{FAE04EC0-301F-11D3-BF4B-00C04F79EFBC}") = "Graph", "Graph\Graph.csproj", "{F021FF4D-1893-4E13-A2AC-8D5A12F75D12}"
EndProject
Global
	GlobalSection(SolutionConfigurationPlatforms) = preSolution
		Debug|Any CPU = Debug|Any CPU
		Release|Any CPU = Release|Any CPU
	EndGlobalSection
	GlobalSection(ProjectConfigurationPlatforms) = postSolution
		{F021FF4D-1893-4E13-A2AC-8D5A12F75D12}.Debug|Any CPU.ActiveCfg = Debug|Any CPU
		{F021FF4D-1893-4E13-A2AC-8D5A12F75D12}.Debug|Any CPU.Build.0 = Debug|Any CPU
		{F021FF4D-1893-4E13-A2AC-8D5A12F75D12}.Release|Any CPU.ActiveCfg = Release|Any CPU
		{F021FF4D-1893-4E13-A2AC-8D5A12F75D12}.Release|Any CPU.Build.0 = Release|Any CPU
	EndGlobalSection
	GlobalSection(SolutionProperties) = preSolution
		HideSolutionNode = FALSE
	EndGlobalSection
	GlobalSection(ExtensibilityGlobals) = postSolution
		SolutionGuid = {C807D100-0633-447A-8735-A300D7440E48}
	EndGlobalSection
EndGlobal
